
Microsoft Visual Studio Solution File, Format Version 12.00
# Visual Studio 2012
Project("{070BCB52-5A75-4F8C-A973-144AF0EAFCC9}") = "dsf.mobile", "dsf.mobile.iceproj", "{CAEC6916-4F50-4E17-9EB0-011C2CF0D339}"
EndProject
Global
	GlobalSection(SolutionConfigurationPlatforms) = preSolution
		Debug|Any CPU = Debug|Any CPU
		Release|Any CPU = Release|Any CPU
	EndGlobalSection
	GlobalSection(ProjectConfigurationPlatforms) = postSolution
		{CAEC6916-4F50-4E17-9EB0-011C2CF0D339}.Debug|Any CPU.ActiveCfg = Debug|Any CPU
		{CAEC6916-4F50-4E17-9EB0-011C2CF0D339}.Debug|Any CPU.Build.0 = Debug|Any CPU
		{CAEC6916-4F50-4E17-9EB0-011C2CF0D339}.Release|Any CPU.ActiveCfg = Release|Any CPU
		{CAEC6916-4F50-4E17-9EB0-011C2CF0D339}.Release|Any CPU.Build.0 = Release|Any CPU
	EndGlobalSection
	GlobalSection(SolutionProperties) = preSolution
		HideSolutionNode = FALSE
	EndGlobalSection
EndGlobal
